{
  "name": "untransulate-api",
  "version": "0.0.0",
  "lockfileVersion": 3,
  "requires": true,
  "packages": {
    "": {
      "name": "untransulate-api",
      "version": "0.0.0",
      "dependencies": {
        "@types/google-apps-script": "^1.0.76",
        "typescript": "^5.2.2"
      }
    },
    "node_modules/@types/google-apps-script": {
      "version": "1.0.76",
      "resolved": "https://registry.npmjs.org/@types/google-apps-script/-/google-apps-script-1.0.76.tgz",
      "integrity": "sha512-mFjMHffMXoWLfFp7GthjiFQlctjzW2UOTqrTntfeqQHtGfv8WOps1zY+mA1IKHmoZCtTOdQuiONfM3Zu1NPjWQ=="
    },
    "node_modules/typescript": {
      "version": "5.2.2",
      "resolved": "https://registry.npmjs.org/typescript/-/typescript-5.2.2.tgz",
      "integrity": "sha512-mI4WrpHsbCIcwT9cF4FZvr80QUeKvsUsUvKDoR+X/7XHQH98xYD8YHZg7ANtz2GtZt/CBq2QJ0thkGJMHfqc1w==",
      "bin": {
        "tsc": "bin/tsc",
        "tsserver": "bin/tsserver"
      },
      "engines": {
        "node": ">=14.17"
      }
    }
  }
}
